{
  "version": 4,
  "terraform_version": "1.0.11",
  "serial": 762,
  "lineage": "9b8cb813-c483-f0f6-2f26-dd22bef3fb81",
  "outputs": {
    "cluster_arn": {
      "value": "arn:aws:eks:eu-north-1:650251713601:cluster/pht-dev-eksdemo",
      "type": "string"
    },
    "cluster_cert_auth_data": {
      "value": "LS0tLS1CRUdJTiBDRVJUSUZJQ0FURS0tLS0tCk1JSURCVENDQWUyZ0F3SUJBZ0lJWnI3ckpMNkkvN1F3RFFZSktvWklodmNOQVFFTEJRQXdGVEVUTUJFR0ExVUUKQXhNS2EzVmlaWEp1WlhSbGN6QWVGdzB5TlRBME1qUXdOelF5TVRGYUZ3MHpOVEEwTWpJd056UTNNVEZhTUJVeApFekFSQmdOVkJBTVRDbXQxWW1WeWJtVjBaWE13Z2dFaU1BMEdDU3FHU0liM0RRRUJBUVVBQTRJQkR3QXdnZ0VLCkFvSUJBUUROWjVNbm5rVmdHWG50SVU2MW4xYVFUMkU4aWxwbmdNZXlDRk1HeHhzVU1VcGNaWlRRRC9PUjFHcEMKZ0x0QkNMYVd1NGozcUNaUzBHOTE4SjI5U0JUdTJXTWxrSTZPeC9nVUs0M0x5WXJnYk93Z0dzOHdnRjBKajZpWQpTUzM0cjYzY3oxbDhkbHZTalpiUnY5RUxES3VYZStjM0w5amsyY3Yvdi9vR3BHelJtbXFaQlNLM0xiVUM0Z3haCnI0SG13d3BwdlR3T2tPMFZnR0x4VXJTUkR4eDFzWEdhNkxaYno1SjJ1RXA2WUtMcmUyNHEvRk1YUXFJZkRFYVAKaGhZZmo3SkhmOUVNb0YybXhwQ2pqTjA0bThHSTM3UVdGMzEwTitOQzRMcXAwdXlITGhJdFNETE1iaU02anlQQgpMM2xhelVyeGhVdWl5U2pkbHV0cXpiYWNOT0FyQWdNQkFBR2pXVEJYTUE0R0ExVWREd0VCL3dRRUF3SUNwREFQCkJnTlZIUk1CQWY4RUJUQURBUUgvTUIwR0ExVWREZ1FXQkJTdHJZNFdjUkYzSG9INkJUNmFqUU96aGFTL3REQVYKQmdOVkhSRUVEakFNZ2dwcmRXSmxjbTVsZEdWek1BMEdDU3FHU0liM0RRRUJDd1VBQTRJQkFRQ0hzTFM1SXo0OQpHWWs4TTZmdktPR2h0eFNwRGVtdk1PMG43NXlhUjhnOWQ2VlB6UE1oZXdVRWpvbjJVcnZPYUoxZmZJSC9KelFrCmVFcUhxYVhxN3BzN3pzaDZkR04rMStFZndlSFFJRlVKcDdHWGVyTXBCWjg1bmhEK25Kd3RWYVkybjV3V1hkTTgKQXpnbUxMekl1NFh3enJNd0o5RXNjM0JFczljTmFTM0xjN0dFSEFUcTc1VmlscEhzN3k0aDNORUlrNXhxd25PUApJbUNFay9YaTU1S21ZK1M5VFMzUWVSS21XemNpcnh5ZmhrTGxUN0JDckIrZEQ1RC9tQkhHOWpvN3k3eHFXWitZCmtUT3Fsanhzc3JwR0NMU09Yb3gwekpDRkhBV2lIUjJQbE5NMVdPc2s2QlFtMmNnQnBVdjJtU004VTZ2REh1ek0KdTUzcmZ6UVRmRjVPCi0tLS0tRU5EIENFUlRJRklDQVRFLS0tLS0K",
      "type": "string"
    },
    "cluster_endpoint": {
      "value": "https://9E8F2CB95A1D679253CDC2D91C5EB6A0.yl4.eu-north-1.eks.amazonaws.com",
      "type": "string"
    },
    "cluster_iam_role_arn": {
      "value": "arn:aws:iam::650251713601:role/eks_master_role",
      "type": "string"
    },
    "cluster_iam_role_name": {
      "value": "eks_master_role",
      "type": "string"
    },
    "cluster_id": {
      "value": "pht-dev-eksdemo",
      "type": "string"
    },
    "cluster_security_group_id": {
      "value": [
        []
      ],
      "type": [
        "tuple",
        [
          [
            "set",
            "string"
          ]
        ]
      ]
    },
    "cluster_version": {
      "value": "1.31",
      "type": "string"
    }
  },
  "resources": [
    {
      "module": "module.compute",
      "mode": "data",
      "type": "aws_ami",
      "name": "amzlinux2",
      "provider": "provider[\"registry.terraform.io/hashicorp/aws\"]",
      "instances": [
        {
          "schema_version": 0,
          "attributes": {
            "architecture": "x86_64",
            "arn": "arn:aws:ec2:eu-north-1::image/ami-08433be7f2e61ef5b",
            "block_device_mappings": [
              {
                "device_name": "/dev/xvda",
                "ebs": {
                  "delete_on_termination": "true",
                  "encrypted": "false",
                  "iops": "0",
                  "snapshot_id": "snap-0b3bb874956bd90e1",
                  "throughput": "0",
                  "volume_size": "8",
                  "volume_type": "gp2"
                },
                "no_device": "",
                "virtual_name": ""
              }
            ],
            "creation_date": "2025-04-11T01:48:50.000Z",
            "description": "Amazon Linux 2 AMI 2.0.20250414.0 x86_64 HVM gp2",
            "ena_support": true,
            "executable_users": null,
            "filter": [
              {
                "name": "architecture",
                "values": [
                  "x86_64"
                ]
              },
              {
                "name": "name",
                "values": [
                  "amzn2-ami-hvm-*-gp2"
                ]
              },
              {
                "name": "root-device-type",
                "values": [
                  "ebs"
                ]
              },
              {
                "name": "virtualization-type",
                "values": [
                  "hvm"
                ]
              }
            ],
            "hypervisor": "xen",
            "id": "ami-08433be7f2e61ef5b",
            "image_id": "ami-08433be7f2e61ef5b",
            "image_location": "amazon/amzn2-ami-hvm-2.0.20250414.0-x86_64-gp2",
            "image_owner_alias": "amazon",
            "image_type": "machine",
            "kernel_id": null,
            "most_recent": true,
            "name": "amzn2-ami-hvm-2.0.20250414.0-x86_64-gp2",
            "name_regex": null,
            "owner_id": "137112412989",
            "owners": [
              "amazon"
            ],
            "platform": null,
            "platform_details": "Linux/UNIX",
            "product_codes": [],
            "public": true,
            "ramdisk_id": null,
            "root_device_name": "/dev/xvda",
            "root_device_type": "ebs",
            "root_snapshot_id": "snap-0b3bb874956bd90e1",
            "sriov_net_support": "simple",
            "state": "available",
            "state_reason": {
              "code": "UNSET",
              "message": "UNSET"
            },
            "tags": {},
            "usage_operation": "RunInstances",
            "virtualization_type": "hvm"
          },
          "sensitive_attributes": []
        }
      ]
    },
    {
      "module": "module.compute",
      "mode": "managed",
      "type": "aws_instance",
      "name": "ec2_public",
      "provider": "provider[\"registry.terraform.io/hashicorp/aws\"]",
      "instances": [
        {
          "schema_version": 1,
          "attributes": {
            "ami": "ami-08433be7f2e61ef5b",
            "arn": "arn:aws:ec2:eu-north-1:650251713601:instance/i-0330ba15da20c0035",
            "associate_public_ip_address": true,
            "availability_zone": "eu-north-1b",
            "capacity_reservation_specification": [
              {
                "capacity_reservation_preference": "open",
                "capacity_reservation_target": []
              }
            ],
            "cpu_core_count": 1,
            "cpu_threads_per_core": 2,
            "credit_specification": [
              {
                "cpu_credits": "unlimited"
              }
            ],
            "disable_api_termination": false,
            "ebs_block_device": [],
            "ebs_optimized": false,
            "enclave_options": [
              {
                "enabled": false
              }
            ],
            "ephemeral_block_device": [],
            "get_password_data": false,
            "hibernation": false,
            "host_id": null,
            "iam_instance_profile": "",
            "id": "i-0330ba15da20c0035",
            "instance_initiated_shutdown_behavior": "stop",
            "instance_state": "running",
            "instance_type": "t3.micro",
            "ipv6_address_count": 0,
            "ipv6_addresses": [],
            "key_name": "mtckey",
            "launch_template": [],
            "metadata_options": [
              {
                "http_endpoint": "enabled",
                "http_put_response_hop_limit": 1,
                "http_tokens": "optional",
                "instance_metadata_tags": "disabled"
              }
            ],
            "monitoring": false,
            "network_interface": [],
            "outpost_arn": "",
            "password_data": "",
            "placement_group": "",
            "placement_partition_number": null,
            "primary_network_interface_id": "eni-075133a242439f194",
            "private_dns": "ip-10-0-2-5.eu-north-1.compute.internal",
            "private_ip": "10.0.2.5",
            "public_dns": "ec2-56-228-27-207.eu-north-1.compute.amazonaws.com",
            "public_ip": "56.228.27.207",
            "root_block_device": [
              {
                "delete_on_termination": true,
                "device_name": "/dev/xvda",
                "encrypted": false,
                "iops": 100,
                "kms_key_id": "",
                "tags": {},
                "throughput": 0,
                "volume_id": "vol-0ce733740d321773c",
                "volume_size": 8,
                "volume_type": "gp2"
              }
            ],
            "secondary_private_ips": [],
            "security_groups": [],
            "source_dest_check": true,
            "subnet_id": "subnet-0cf2f6b48b43a99ee",
            "tags": {
              "Name": "public-bastion-host"
            },
            "tags_all": {
              "Name": "public-bastion-host"
            },
            "tenancy": "default",
            "timeouts": null,
            "user_data": null,
            "user_data_base64": null,
            "volume_tags": null,
            "vpc_security_group_ids": [
              "sg-081baa930157871e8"
            ]
          },
          "sensitive_attributes": [],
          "private": "eyJlMmJmYjczMC1lY2FhLTExZTYtOGY4OC0zNDM2M2JjN2M0YzAiOnsiY3JlYXRlIjo2MDAwMDAwMDAwMDAsImRlbGV0ZSI6MTIwMDAwMDAwMDAwMCwidXBkYXRlIjo2MDAwMDAwMDAwMDB9LCJzY2hlbWFfdmVyc2lvbiI6IjEifQ==",
          "dependencies": [
            "module.networking.data.aws_availability_zones.available",
            "module.networking.random_integer.vpc_random_int",
            "module.networking.random_shuffle.az_shuffle",
            "module.compute.aws_key_pair.bastion_key",
            "module.compute.data.aws_ami.amzlinux2",
            "module.networking.aws_security_group.bastion_public_sg",
            "module.networking.aws_subnet.pht_public_subnets",
            "module.networking.aws_vpc.my_eks_vpc"
          ]
        }
      ]
    },
    {
      "module": "module.compute",
      "mode": "managed",
      "type": "aws_key_pair",
      "name": "bastion_key",
      "provider": "provider[\"registry.terraform.io/hashicorp/aws\"]",
      "instances": [
        {
          "schema_version": 1,
          "attributes": {
            "arn": "arn:aws:ec2:eu-north-1:650251713601:key-pair/mtckey",
            "fingerprint": "mirz0kxTnNibtwKfJSApwTybB/xLgDEXPo7rlrDZ/zA=",
            "id": "mtckey",
            "key_name": "mtckey",
            "key_name_prefix": "",
            "key_pair_id": "key-0590fb78f6cd4c96a",
            "public_key": "ssh-ed25519 AAAAC3NzaC1lZDI1NTE5AAAAIJUdSWoZx/kv4XPHSBr7yBgnt/DkCiOWUeUHxhAoHdIP aumthakkar@yahoo.co.uk",
            "tags": {},
            "tags_all": {}
          },
          "sensitive_attributes": [],
          "private": "eyJzY2hlbWFfdmVyc2lvbiI6IjEifQ=="
        }
      ]
    },
    {
      "module": "module.compute",
      "mode": "managed",
      "type": "null_resource",
      "name": "copy_ec2_keys",
      "provider": "provider[\"registry.terraform.io/hashicorp/null\"]",
      "instances": [
        {
          "schema_version": 0,
          "attributes": {
            "id": "6493086124482257973",
            "triggers": null
          },
          "sensitive_attributes": [],
          "dependencies": [
            "module.networking.random_shuffle.az_shuffle",
            "module.compute.data.aws_ami.amzlinux2",
            "module.networking.aws_security_group.bastion_public_sg",
            "module.networking.aws_subnet.pht_public_subnets",
            "module.networking.aws_vpc.my_eks_vpc",
            "module.compute.aws_instance.ec2_public",
            "module.compute.aws_key_pair.bastion_key",
            "module.networking.data.aws_availability_zones.available",
            "module.networking.random_integer.vpc_random_int"
          ]
        }
      ]
    },
    {
      "module": "module.eks_cluster",
      "mode": "managed",
      "type": "aws_eks_cluster",
      "name": "my_eks_cluster",
      "provider": "provider[\"registry.terraform.io/hashicorp/aws\"]",
      "instances": [
        {
          "schema_version": 0,
          "attributes": {
            "arn": "arn:aws:eks:eu-north-1:650251713601:cluster/pht-dev-eksdemo",
            "certificate_authority": [
              {
                "data": "LS0tLS1CRUdJTiBDRVJUSUZJQ0FURS0tLS0tCk1JSURCVENDQWUyZ0F3SUJBZ0lJWnI3ckpMNkkvN1F3RFFZSktvWklodmNOQVFFTEJRQXdGVEVUTUJFR0ExVUUKQXhNS2EzVmlaWEp1WlhSbGN6QWVGdzB5TlRBME1qUXdOelF5TVRGYUZ3MHpOVEEwTWpJd056UTNNVEZhTUJVeApFekFSQmdOVkJBTVRDbXQxWW1WeWJtVjBaWE13Z2dFaU1BMEdDU3FHU0liM0RRRUJBUVVBQTRJQkR3QXdnZ0VLCkFvSUJBUUROWjVNbm5rVmdHWG50SVU2MW4xYVFUMkU4aWxwbmdNZXlDRk1HeHhzVU1VcGNaWlRRRC9PUjFHcEMKZ0x0QkNMYVd1NGozcUNaUzBHOTE4SjI5U0JUdTJXTWxrSTZPeC9nVUs0M0x5WXJnYk93Z0dzOHdnRjBKajZpWQpTUzM0cjYzY3oxbDhkbHZTalpiUnY5RUxES3VYZStjM0w5amsyY3Yvdi9vR3BHelJtbXFaQlNLM0xiVUM0Z3haCnI0SG13d3BwdlR3T2tPMFZnR0x4VXJTUkR4eDFzWEdhNkxaYno1SjJ1RXA2WUtMcmUyNHEvRk1YUXFJZkRFYVAKaGhZZmo3SkhmOUVNb0YybXhwQ2pqTjA0bThHSTM3UVdGMzEwTitOQzRMcXAwdXlITGhJdFNETE1iaU02anlQQgpMM2xhelVyeGhVdWl5U2pkbHV0cXpiYWNOT0FyQWdNQkFBR2pXVEJYTUE0R0ExVWREd0VCL3dRRUF3SUNwREFQCkJnTlZIUk1CQWY4RUJUQURBUUgvTUIwR0ExVWREZ1FXQkJTdHJZNFdjUkYzSG9INkJUNmFqUU96aGFTL3REQVYKQmdOVkhSRUVEakFNZ2dwcmRXSmxjbTVsZEdWek1BMEdDU3FHU0liM0RRRUJDd1VBQTRJQkFRQ0hzTFM1SXo0OQpHWWs4TTZmdktPR2h0eFNwRGVtdk1PMG43NXlhUjhnOWQ2VlB6UE1oZXdVRWpvbjJVcnZPYUoxZmZJSC9KelFrCmVFcUhxYVhxN3BzN3pzaDZkR04rMStFZndlSFFJRlVKcDdHWGVyTXBCWjg1bmhEK25Kd3RWYVkybjV3V1hkTTgKQXpnbUxMekl1NFh3enJNd0o5RXNjM0JFczljTmFTM0xjN0dFSEFUcTc1VmlscEhzN3k0aDNORUlrNXhxd25PUApJbUNFay9YaTU1S21ZK1M5VFMzUWVSS21XemNpcnh5ZmhrTGxUN0JDckIrZEQ1RC9tQkhHOWpvN3k3eHFXWitZCmtUT3Fsanhzc3JwR0NMU09Yb3gwekpDRkhBV2lIUjJQbE5NMVdPc2s2QlFtMmNnQnBVdjJtU004VTZ2REh1ek0KdTUzcmZ6UVRmRjVPCi0tLS0tRU5EIENFUlRJRklDQVRFLS0tLS0K"
              }
            ],
            "created_at": "2025-04-24 07:42:58.614 +0000 UTC",
            "enabled_cluster_log_types": [
              "api",
              "audit",
              "authenticator",
              "controllerManager",
              "scheduler"
            ],
            "encryption_config": [],
            "endpoint": "https://9E8F2CB95A1D679253CDC2D91C5EB6A0.yl4.eu-north-1.eks.amazonaws.com",
            "id": "pht-dev-eksdemo",
            "identity": [
              {
                "oidc": [
                  {
                    "issuer": "https://oidc.eks.eu-north-1.amazonaws.com/id/9E8F2CB95A1D679253CDC2D91C5EB6A0"
                  }
                ]
              }
            ],
            "kubernetes_network_config": [
              {
                "ip_family": "ipv4",
                "service_ipv4_cidr": "172.20.0.0/16"
              }
            ],
            "name": "pht-dev-eksdemo",
            "platform_version": "eks.24",
            "role_arn": "arn:aws:iam::650251713601:role/eks_master_role",
            "status": "ACTIVE",
            "tags": {},
            "tags_all": {},
            "timeouts": null,
            "version": "1.31",
            "vpc_config": [
              {
                "cluster_security_group_id": "sg-078e5ebd8470efa66",
                "endpoint_private_access": false,
                "endpoint_public_access": true,
                "public_access_cidrs": [
                  "0.0.0.0/0"
                ],
                "security_group_ids": [],
                "subnet_ids": [
                  "subnet-09fd459bc5fa9c3fc",
                  "subnet-0cf2f6b48b43a99ee"
                ],
                "vpc_id": "vpc-0b8d09d389dfb5a04"
              }
            ]
          },
          "sensitive_attributes": [],
          "private": "eyJlMmJmYjczMC1lY2FhLTExZTYtOGY4OC0zNDM2M2JjN2M0YzAiOnsiY3JlYXRlIjoxODAwMDAwMDAwMDAwLCJkZWxldGUiOjkwMDAwMDAwMDAwMCwidXBkYXRlIjozNjAwMDAwMDAwMDAwfX0=",
          "dependencies": [
            "module.eks_cluster.aws_iam_role_policy_attachment.eks-AmazonEKSVPCResourceController",
            "module.networking.aws_subnet.pht_public_subnets",
            "module.networking.aws_vpc.my_eks_vpc",
            "module.networking.data.aws_availability_zones.available",
            "module.networking.random_integer.vpc_random_int",
            "module.networking.random_shuffle.az_shuffle",
            "module.eks_cluster.aws_iam_role.eks_master_role",
            "module.eks_cluster.aws_iam_role_policy_attachment.eks-AmazonEKSClusterPolicy"
          ]
        }
      ]
    },
    {
      "module": "module.eks_cluster",
      "mode": "managed",
      "type": "aws_eks_node_group",
      "name": "my_eks_public_nodegroup",
      "provider": "provider[\"registry.terraform.io/hashicorp/aws\"]",
      "instances": [
        {
          "schema_version": 0,
          "attributes": {
            "ami_type": "AL2_x86_64",
            "arn": "arn:aws:eks:eu-north-1:650251713601:nodegroup/pht-dev-eksdemo/pht-dev-public-nodegroup/74cb3362-c544-531b-ec40-f23e42d9aa7b",
            "capacity_type": "SPOT",
            "cluster_name": "pht-dev-eksdemo",
            "disk_size": 20,
            "force_update_version": null,
            "id": "pht-dev-eksdemo:pht-dev-public-nodegroup",
            "instance_types": [
              "t3.medium"
            ],
            "labels": {},
            "launch_template": [],
            "node_group_name": "pht-dev-public-nodegroup",
            "node_group_name_prefix": "",
            "node_role_arn": "arn:aws:iam::650251713601:role/eks_nodegroup_role",
            "release_version": "1.31.5-20250419",
            "remote_access": [
              {
                "ec2_ssh_key": "mtckey",
                "source_security_group_ids": []
              }
            ],
            "resources": [
              {
                "autoscaling_groups": [
                  {
                    "name": "eks-pht-dev-public-nodegroup-74cb3362-c544-531b-ec40-f23e42d9aa7b"
                  }
                ],
                "remote_access_security_group_id": "sg-0a256436f43255d75"
              }
            ],
            "scaling_config": [
              {
                "desired_size": 1,
                "max_size": 2,
                "min_size": 1
              }
            ],
            "status": "ACTIVE",
            "subnet_ids": [
              "subnet-09fd459bc5fa9c3fc",
              "subnet-0cf2f6b48b43a99ee"
            ],
            "tags": {
              "Name": "Public-EKS-NodeGroup"
            },
            "tags_all": {
              "Name": "Public-EKS-NodeGroup"
            },
            "taint": [],
            "timeouts": null,
            "update_config": [
              {
                "max_unavailable": 0,
                "max_unavailable_percentage": 50
              }
            ],
            "version": "1.31"
          },
          "sensitive_attributes": [],
          "private": "eyJlMmJmYjczMC1lY2FhLTExZTYtOGY4OC0zNDM2M2JjN2M0YzAiOnsiY3JlYXRlIjozNjAwMDAwMDAwMDAwLCJkZWxldGUiOjM2MDAwMDAwMDAwMDAsInVwZGF0ZSI6MzYwMDAwMDAwMDAwMH19",
          "dependencies": [
            "module.networking.aws_vpc.my_eks_vpc",
            "module.networking.random_integer.vpc_random_int",
            "module.eks_cluster.aws_eks_cluster.my_eks_cluster",
            "module.eks_cluster.aws_iam_role_policy_attachment.eks-AmazonEC2ContainerRegistryReadOnly",
            "module.eks_cluster.aws_iam_role_policy_attachment.eks-AmazonEKSWorkerNodePolicy",
            "module.networking.aws_subnet.pht_public_subnets",
            "module.eks_cluster.aws_iam_role_policy_attachment.eks-AmazonEKS_CNI_Policy",
            "module.networking.data.aws_availability_zones.available",
            "module.networking.random_shuffle.az_shuffle",
            "module.eks_cluster.aws_iam_role.eks_master_role",
            "module.eks_cluster.aws_iam_role.eks_nodegroup_role",
            "module.eks_cluster.aws_iam_role_policy_attachment.eks-AmazonEKSClusterPolicy",
            "module.eks_cluster.aws_iam_role_policy_attachment.eks-AmazonEKSVPCResourceController"
          ]
        }
      ]
    },
    {
      "module": "module.eks_cluster",
      "mode": "managed",
      "type": "aws_iam_role",
      "name": "eks_master_role",
      "provider": "provider[\"registry.terraform.io/hashicorp/aws\"]",
      "instances": [
        {
          "schema_version": 0,
          "attributes": {
            "arn": "arn:aws:iam::650251713601:role/eks_master_role",
            "assume_role_policy": "{\"Version\":\"2012-10-17\",\"Statement\":[{\"Sid\":\"\",\"Effect\":\"Allow\",\"Principal\":{\"Service\":\"eks.amazonaws.com\"},\"Action\":\"sts:AssumeRole\"}]}",
            "create_date": "2025-04-24T07:42:30Z",
            "description": "",
            "force_detach_policies": false,
            "id": "eks_master_role",
            "inline_policy": [
              {
                "name": "",
                "policy": ""
              }
            ],
            "managed_policy_arns": [
              "arn:aws:iam::aws:policy/AmazonEKSClusterPolicy",
              "arn:aws:iam::aws:policy/AmazonEKSVPCResourceController"
            ],
            "max_session_duration": 3600,
            "name": "eks_master_role",
            "name_prefix": "",
            "path": "/",
            "permissions_boundary": null,
            "tags": {
              "Name": "eks-master-role"
            },
            "tags_all": {
              "Name": "eks-master-role"
            },
            "unique_id": "AROAZOZQFXRAQPAAUIYS3"
          },
          "sensitive_attributes": [],
          "private": "bnVsbA=="
        }
      ]
    },
    {
      "module": "module.eks_cluster",
      "mode": "managed",
      "type": "aws_iam_role",
      "name": "eks_nodegroup_role",
      "provider": "provider[\"registry.terraform.io/hashicorp/aws\"]",
      "instances": [
        {
          "schema_version": 0,
          "attributes": {
            "arn": "arn:aws:iam::650251713601:role/eks_nodegroup_role",
            "assume_role_policy": "{\"Version\":\"2012-10-17\",\"Statement\":[{\"Sid\":\"\",\"Effect\":\"Allow\",\"Principal\":{\"Service\":\"ec2.amazonaws.com\"},\"Action\":\"sts:AssumeRole\"}]}",
            "create_date": "2025-04-24T07:42:30Z",
            "description": "",
            "force_detach_policies": false,
            "id": "eks_nodegroup_role",
            "inline_policy": [
              {
                "name": "",
                "policy": ""
              }
            ],
            "managed_policy_arns": [
              "arn:aws:iam::aws:policy/AmazonEC2ContainerRegistryReadOnly",
              "arn:aws:iam::aws:policy/AmazonEKSWorkerNodePolicy",
              "arn:aws:iam::aws:policy/AmazonEKS_CNI_Policy"
            ],
            "max_session_duration": 3600,
            "name": "eks_nodegroup_role",
            "name_prefix": "",
            "path": "/",
            "permissions_boundary": null,
            "tags": {
              "Name": "eks-nodegroup-role"
            },
            "tags_all": {
              "Name": "eks-nodegroup-role"
            },
            "unique_id": "AROAZOZQFXRAT63WOXWX7"
          },
          "sensitive_attributes": [],
          "private": "bnVsbA=="
        }
      ]
    },
    {
      "module": "module.eks_cluster",
      "mode": "managed",
      "type": "aws_iam_role_policy_attachment",
      "name": "eks-AmazonEC2ContainerRegistryReadOnly",
      "provider": "provider[\"registry.terraform.io/hashicorp/aws\"]",
      "instances": [
        {
          "schema_version": 0,
          "attributes": {
            "id": "eks_nodegroup_role-20250424074232596900000004",
            "policy_arn": "arn:aws:iam::aws:policy/AmazonEC2ContainerRegistryReadOnly",
            "role": "eks_nodegroup_role"
          },
          "sensitive_attributes": [],
          "private": "bnVsbA==",
          "dependencies": [
            "module.eks_cluster.aws_iam_role.eks_nodegroup_role"
          ]
        }
      ]
    },
    {
      "module": "module.eks_cluster",
      "mode": "managed",
      "type": "aws_iam_role_policy_attachment",
      "name": "eks-AmazonEKSClusterPolicy",
      "provider": "provider[\"registry.terraform.io/hashicorp/aws\"]",
      "instances": [
        {
          "schema_version": 0,
          "attributes": {
            "id": "eks_master_role-20250424074232603200000005",
            "policy_arn": "arn:aws:iam::aws:policy/AmazonEKSClusterPolicy",
            "role": "eks_master_role"
          },
          "sensitive_attributes": [],
          "private": "bnVsbA==",
          "dependencies": [
            "module.eks_cluster.aws_iam_role.eks_master_role"
          ]
        }
      ]
    },
    {
      "module": "module.eks_cluster",
      "mode": "managed",
      "type": "aws_iam_role_policy_attachment",
      "name": "eks-AmazonEKSVPCResourceController",
      "provider": "provider[\"registry.terraform.io/hashicorp/aws\"]",
      "instances": [
        {
          "schema_version": 0,
          "attributes": {
            "id": "eks_master_role-20250424074232550800000002",
            "policy_arn": "arn:aws:iam::aws:policy/AmazonEKSVPCResourceController",
            "role": "eks_master_role"
          },
          "sensitive_attributes": [],
          "private": "bnVsbA==",
          "dependencies": [
            "module.eks_cluster.aws_iam_role.eks_master_role"
          ]
        }
      ]
    },
    {
      "module": "module.eks_cluster",
      "mode": "managed",
      "type": "aws_iam_role_policy_attachment",
      "name": "eks-AmazonEKSWorkerNodePolicy",
      "provider": "provider[\"registry.terraform.io/hashicorp/aws\"]",
      "instances": [
        {
          "schema_version": 0,
          "attributes": {
            "id": "eks_nodegroup_role-20250424074232529900000001",
            "policy_arn": "arn:aws:iam::aws:policy/AmazonEKSWorkerNodePolicy",
            "role": "eks_nodegroup_role"
          },
          "sensitive_attributes": [],
          "private": "bnVsbA==",
          "dependencies": [
            "module.eks_cluster.aws_iam_role.eks_nodegroup_role"
          ]
        }
      ]
    },
    {
      "module": "module.eks_cluster",
      "mode": "managed",
      "type": "aws_iam_role_policy_attachment",
      "name": "eks-AmazonEKS_CNI_Policy",
      "provider": "provider[\"registry.terraform.io/hashicorp/aws\"]",
      "instances": [
        {
          "schema_version": 0,
          "attributes": {
            "id": "eks_nodegroup_role-20250424074232560400000003",
            "policy_arn": "arn:aws:iam::aws:policy/AmazonEKS_CNI_Policy",
            "role": "eks_nodegroup_role"
          },
          "sensitive_attributes": [],
          "private": "bnVsbA==",
          "dependencies": [
            "module.eks_cluster.aws_iam_role.eks_nodegroup_role"
          ]
        }
      ]
    },
    {
      "module": "module.networking",
      "mode": "data",
      "type": "aws_availability_zones",
      "name": "available",
      "provider": "provider[\"registry.terraform.io/hashicorp/aws\"]",
      "instances": [
        {
          "schema_version": 0,
          "attributes": {
            "all_availability_zones": null,
            "exclude_names": null,
            "exclude_zone_ids": null,
            "filter": null,
            "group_names": [
              "eu-north-1-zg-1"
            ],
            "id": "eu-north-1",
            "names": [
              "eu-north-1a",
              "eu-north-1b",
              "eu-north-1c"
            ],
            "state": "available",
            "zone_ids": [
              "eun1-az1",
              "eun1-az2",
              "eun1-az3"
            ]
          },
          "sensitive_attributes": []
        }
      ]
    },
    {
      "module": "module.networking",
      "mode": "managed",
      "type": "aws_default_route_table",
      "name": "default_private_route_table",
      "provider": "provider[\"registry.terraform.io/hashicorp/aws\"]",
      "instances": [
        {
          "schema_version": 0,
          "attributes": {
            "arn": "arn:aws:ec2:eu-north-1:650251713601:route-table/rtb-09b62f057d5816558",
            "default_route_table_id": "rtb-09b62f057d5816558",
            "id": "rtb-09b62f057d5816558",
            "owner_id": "650251713601",
            "propagating_vgws": [],
            "route": [],
            "tags": {
              "Name": "main-route-table-(private)"
            },
            "tags_all": {
              "Name": "main-route-table-(private)"
            },
            "timeouts": null,
            "vpc_id": "vpc-0b8d09d389dfb5a04"
          },
          "sensitive_attributes": [],
          "private": "eyJlMmJmYjczMC1lY2FhLTExZTYtOGY4OC0zNDM2M2JjN2M0YzAiOnsiY3JlYXRlIjoxMjAwMDAwMDAwMDAsInVwZGF0ZSI6MTIwMDAwMDAwMDAwfX0=",
          "dependencies": [
            "module.networking.aws_vpc.my_eks_vpc",
            "module.networking.random_integer.vpc_random_int"
          ]
        }
      ]
    },
    {
      "module": "module.networking",
      "mode": "managed",
      "type": "aws_internet_gateway",
      "name": "my_igw",
      "provider": "provider[\"registry.terraform.io/hashicorp/aws\"]",
      "instances": [
        {
          "schema_version": 0,
          "attributes": {
            "arn": "arn:aws:ec2:eu-north-1:650251713601:internet-gateway/igw-0c28e5fbbdbe18ba8",
            "id": "igw-0c28e5fbbdbe18ba8",
            "owner_id": "650251713601",
            "tags": {
              "Name": "my-igw"
            },
            "tags_all": {
              "Name": "my-igw"
            },
            "vpc_id": "vpc-0b8d09d389dfb5a04"
          },
          "sensitive_attributes": [],
          "private": "bnVsbA==",
          "dependencies": [
            "module.networking.aws_vpc.my_eks_vpc",
            "module.networking.random_integer.vpc_random_int"
          ]
        }
      ]
    },
    {
      "module": "module.networking",
      "mode": "managed",
      "type": "aws_route",
      "name": "public_route",
      "provider": "provider[\"registry.terraform.io/hashicorp/aws\"]",
      "instances": [
        {
          "schema_version": 0,
          "attributes": {
            "carrier_gateway_id": "",
            "destination_cidr_block": "0.0.0.0/0",
            "destination_ipv6_cidr_block": "",
            "destination_prefix_list_id": "",
            "egress_only_gateway_id": "",
            "gateway_id": "igw-0c28e5fbbdbe18ba8",
            "id": "r-rtb-0e4f04da10d0d06e81080289494",
            "instance_id": "",
            "instance_owner_id": "",
            "local_gateway_id": "",
            "nat_gateway_id": "",
            "network_interface_id": "",
            "origin": "CreateRoute",
            "route_table_id": "rtb-0e4f04da10d0d06e8",
            "state": "active",
            "timeouts": null,
            "transit_gateway_id": "",
            "vpc_endpoint_id": "",
            "vpc_peering_connection_id": ""
          },
          "sensitive_attributes": [],
          "private": "eyJlMmJmYjczMC1lY2FhLTExZTYtOGY4OC0zNDM2M2JjN2M0YzAiOnsiY3JlYXRlIjozMDAwMDAwMDAwMDAsImRlbGV0ZSI6MzAwMDAwMDAwMDAwLCJ1cGRhdGUiOjEyMDAwMDAwMDAwMH19",
          "dependencies": [
            "module.networking.random_integer.vpc_random_int",
            "module.networking.aws_internet_gateway.my_igw",
            "module.networking.aws_route_table.public_route_table",
            "module.networking.aws_vpc.my_eks_vpc"
          ]
        }
      ]
    },
    {
      "module": "module.networking",
      "mode": "managed",
      "type": "aws_route_table",
      "name": "public_route_table",
      "provider": "provider[\"registry.terraform.io/hashicorp/aws\"]",
      "instances": [
        {
          "schema_version": 0,
          "attributes": {
            "arn": "arn:aws:ec2:eu-north-1:650251713601:route-table/rtb-0e4f04da10d0d06e8",
            "id": "rtb-0e4f04da10d0d06e8",
            "owner_id": "650251713601",
            "propagating_vgws": [],
            "route": [
              {
                "carrier_gateway_id": "",
                "cidr_block": "0.0.0.0/0",
                "destination_prefix_list_id": "",
                "egress_only_gateway_id": "",
                "gateway_id": "igw-0c28e5fbbdbe18ba8",
                "instance_id": "",
                "ipv6_cidr_block": "",
                "local_gateway_id": "",
                "nat_gateway_id": "",
                "network_interface_id": "",
                "transit_gateway_id": "",
                "vpc_endpoint_id": "",
                "vpc_peering_connection_id": ""
              }
            ],
            "tags": {
              "Name": "public-route-table"
            },
            "tags_all": {
              "Name": "public-route-table"
            },
            "timeouts": null,
            "vpc_id": "vpc-0b8d09d389dfb5a04"
          },
          "sensitive_attributes": [],
          "private": "eyJlMmJmYjczMC1lY2FhLTExZTYtOGY4OC0zNDM2M2JjN2M0YzAiOnsiY3JlYXRlIjozMDAwMDAwMDAwMDAsImRlbGV0ZSI6MzAwMDAwMDAwMDAwLCJ1cGRhdGUiOjEyMDAwMDAwMDAwMH19",
          "dependencies": [
            "module.networking.aws_vpc.my_eks_vpc",
            "module.networking.random_integer.vpc_random_int"
          ]
        }
      ]
    },
    {
      "module": "module.networking",
      "mode": "managed",
      "type": "aws_route_table_association",
      "name": "public_rt_assoc",
      "provider": "provider[\"registry.terraform.io/hashicorp/aws\"]",
      "instances": [
        {
          "index_key": 0,
          "schema_version": 0,
          "attributes": {
            "gateway_id": "",
            "id": "rtbassoc-0ace7f243380344d0",
            "route_table_id": "rtb-0e4f04da10d0d06e8",
            "subnet_id": "subnet-0cf2f6b48b43a99ee"
          },
          "sensitive_attributes": [],
          "private": "bnVsbA==",
          "dependencies": [
            "module.networking.aws_vpc.my_eks_vpc",
            "module.networking.data.aws_availability_zones.available",
            "module.networking.random_integer.vpc_random_int",
            "module.networking.random_shuffle.az_shuffle",
            "module.networking.aws_route_table.public_route_table",
            "module.networking.aws_subnet.pht_public_subnets"
          ]
        },
        {
          "index_key": 1,
          "schema_version": 0,
          "attributes": {
            "gateway_id": "",
            "id": "rtbassoc-02a1013f13d27c4a4",
            "route_table_id": "rtb-0e4f04da10d0d06e8",
            "subnet_id": "subnet-09fd459bc5fa9c3fc"
          },
          "sensitive_attributes": [],
          "private": "bnVsbA==",
          "dependencies": [
            "module.networking.data.aws_availability_zones.available",
            "module.networking.random_integer.vpc_random_int",
            "module.networking.random_shuffle.az_shuffle",
            "module.networking.aws_route_table.public_route_table",
            "module.networking.aws_subnet.pht_public_subnets",
            "module.networking.aws_vpc.my_eks_vpc"
          ]
        }
      ]
    },
    {
      "module": "module.networking",
      "mode": "managed",
      "type": "aws_security_group",
      "name": "bastion_public_sg",
      "provider": "provider[\"registry.terraform.io/hashicorp/aws\"]",
      "instances": [
        {
          "index_key": "bastion_sg",
          "schema_version": 1,
          "attributes": {
            "arn": "arn:aws:ec2:eu-north-1:650251713601:security-group/sg-081baa930157871e8",
            "description": "bastion-host-security-group",
            "egress": [
              {
                "cidr_blocks": [
                  "0.0.0.0/0"
                ],
                "description": "",
                "from_port": 0,
                "ipv6_cidr_blocks": [],
                "prefix_list_ids": [],
                "protocol": "-1",
                "security_groups": [],
                "self": false,
                "to_port": 0
              }
            ],
            "id": "sg-081baa930157871e8",
            "ingress": [
              {
                "cidr_blocks": [
                  "78.145.66.200/32"
                ],
                "description": "",
                "from_port": 22,
                "ipv6_cidr_blocks": [],
                "prefix_list_ids": [],
                "protocol": "tcp",
                "security_groups": [],
                "self": false,
                "to_port": 22
              }
            ],
            "name": "bastion-sg",
            "name_prefix": "",
            "owner_id": "650251713601",
            "revoke_rules_on_delete": false,
            "tags": {
              "Name": "bastion-sg"
            },
            "tags_all": {
              "Name": "bastion-sg"
            },
            "timeouts": null,
            "vpc_id": "vpc-0b8d09d389dfb5a04"
          },
          "sensitive_attributes": [],
          "private": "eyJlMmJmYjczMC1lY2FhLTExZTYtOGY4OC0zNDM2M2JjN2M0YzAiOnsiY3JlYXRlIjo2MDAwMDAwMDAwMDAsImRlbGV0ZSI6OTAwMDAwMDAwMDAwfSwic2NoZW1hX3ZlcnNpb24iOiIxIn0=",
          "dependencies": [
            "module.networking.aws_vpc.my_eks_vpc",
            "module.networking.random_integer.vpc_random_int"
          ]
        }
      ]
    },
    {
      "module": "module.networking",
      "mode": "managed",
      "type": "aws_subnet",
      "name": "pht_public_subnets",
      "provider": "provider[\"registry.terraform.io/hashicorp/aws\"]",
      "instances": [
        {
          "index_key": 0,
          "schema_version": 1,
          "attributes": {
            "arn": "arn:aws:ec2:eu-north-1:650251713601:subnet/subnet-0cf2f6b48b43a99ee",
            "assign_ipv6_address_on_creation": false,
            "availability_zone": "eu-north-1b",
            "availability_zone_id": "eun1-az2",
            "cidr_block": "10.0.2.0/24",
            "customer_owned_ipv4_pool": "",
            "enable_dns64": false,
            "enable_resource_name_dns_a_record_on_launch": false,
            "enable_resource_name_dns_aaaa_record_on_launch": false,
            "id": "subnet-0cf2f6b48b43a99ee",
            "ipv6_cidr_block": "",
            "ipv6_cidr_block_association_id": "",
            "ipv6_native": false,
            "map_customer_owned_ip_on_launch": false,
            "map_public_ip_on_launch": true,
            "outpost_arn": "",
            "owner_id": "650251713601",
            "private_dns_hostname_type_on_launch": "ip-name",
            "tags": {
              "Name": "eks-public-subnet-1"
            },
            "tags_all": {
              "Name": "eks-public-subnet-1"
            },
            "timeouts": null,
            "vpc_id": "vpc-0b8d09d389dfb5a04"
          },
          "sensitive_attributes": [],
          "private": "eyJlMmJmYjczMC1lY2FhLTExZTYtOGY4OC0zNDM2M2JjN2M0YzAiOnsiY3JlYXRlIjo2MDAwMDAwMDAwMDAsImRlbGV0ZSI6MTIwMDAwMDAwMDAwMH0sInNjaGVtYV92ZXJzaW9uIjoiMSJ9",
          "dependencies": [
            "module.networking.aws_vpc.my_eks_vpc",
            "module.networking.data.aws_availability_zones.available",
            "module.networking.random_integer.vpc_random_int",
            "module.networking.random_shuffle.az_shuffle"
          ]
        },
        {
          "index_key": 1,
          "schema_version": 1,
          "attributes": {
            "arn": "arn:aws:ec2:eu-north-1:650251713601:subnet/subnet-09fd459bc5fa9c3fc",
            "assign_ipv6_address_on_creation": false,
            "availability_zone": "eu-north-1a",
            "availability_zone_id": "eun1-az1",
            "cidr_block": "10.0.4.0/24",
            "customer_owned_ipv4_pool": "",
            "enable_dns64": false,
            "enable_resource_name_dns_a_record_on_launch": false,
            "enable_resource_name_dns_aaaa_record_on_launch": false,
            "id": "subnet-09fd459bc5fa9c3fc",
            "ipv6_cidr_block": "",
            "ipv6_cidr_block_association_id": "",
            "ipv6_native": false,
            "map_customer_owned_ip_on_launch": false,
            "map_public_ip_on_launch": true,
            "outpost_arn": "",
            "owner_id": "650251713601",
            "private_dns_hostname_type_on_launch": "ip-name",
            "tags": {
              "Name": "eks-public-subnet-2"
            },
            "tags_all": {
              "Name": "eks-public-subnet-2"
            },
            "timeouts": null,
            "vpc_id": "vpc-0b8d09d389dfb5a04"
          },
          "sensitive_attributes": [],
          "private": "eyJlMmJmYjczMC1lY2FhLTExZTYtOGY4OC0zNDM2M2JjN2M0YzAiOnsiY3JlYXRlIjo2MDAwMDAwMDAwMDAsImRlbGV0ZSI6MTIwMDAwMDAwMDAwMH0sInNjaGVtYV92ZXJzaW9uIjoiMSJ9",
          "dependencies": [
            "module.networking.aws_vpc.my_eks_vpc",
            "module.networking.data.aws_availability_zones.available",
            "module.networking.random_integer.vpc_random_int",
            "module.networking.random_shuffle.az_shuffle"
          ]
        }
      ]
    },
    {
      "module": "module.networking",
      "mode": "managed",
      "type": "aws_vpc",
      "name": "my_eks_vpc",
      "provider": "provider[\"registry.terraform.io/hashicorp/aws\"]",
      "instances": [
        {
          "schema_version": 1,
          "attributes": {
            "arn": "arn:aws:ec2:eu-north-1:650251713601:vpc/vpc-0b8d09d389dfb5a04",
            "assign_generated_ipv6_cidr_block": false,
            "cidr_block": "10.0.0.0/16",
            "default_network_acl_id": "acl-0180d404eb0bfd303",
            "default_route_table_id": "rtb-09b62f057d5816558",
            "default_security_group_id": "sg-0a0da318017537cdd",
            "dhcp_options_id": "dopt-06266ad29ef5c4fd4",
            "enable_classiclink": false,
            "enable_classiclink_dns_support": false,
            "enable_dns_hostnames": true,
            "enable_dns_support": true,
            "id": "vpc-0b8d09d389dfb5a04",
            "instance_tenancy": "default",
            "ipv4_ipam_pool_id": null,
            "ipv4_netmask_length": null,
            "ipv6_association_id": "",
            "ipv6_cidr_block": "",
            "ipv6_cidr_block_network_border_group": "",
            "ipv6_ipam_pool_id": "",
            "ipv6_netmask_length": 0,
            "main_route_table_id": "rtb-09b62f057d5816558",
            "owner_id": "650251713601",
            "tags": {
              "Name": "my-eks-vpc-11"
            },
            "tags_all": {
              "Name": "my-eks-vpc-11"
            }
          },
          "sensitive_attributes": [],
          "private": "eyJzY2hlbWFfdmVyc2lvbiI6IjEifQ==",
          "dependencies": [
            "module.networking.random_integer.vpc_random_int"
          ],
          "create_before_destroy": true
        }
      ]
    },
    {
      "module": "module.networking",
      "mode": "managed",
      "type": "random_integer",
      "name": "vpc_random_int",
      "provider": "provider[\"registry.terraform.io/hashicorp/random\"]",
      "instances": [
        {
          "schema_version": 0,
          "attributes": {
            "id": "11",
            "keepers": null,
            "max": 100,
            "min": 1,
            "result": 11,
            "seed": null
          },
          "sensitive_attributes": [],
          "create_before_destroy": true
        }
      ]
    },
    {
      "module": "module.networking",
      "mode": "managed",
      "type": "random_shuffle",
      "name": "az_shuffle",
      "provider": "provider[\"registry.terraform.io/hashicorp/random\"]",
      "instances": [
        {
          "schema_version": 0,
          "attributes": {
            "id": "-",
            "input": [
              "eu-north-1a",
              "eu-north-1b",
              "eu-north-1c"
            ],
            "keepers": null,
            "result": [
              "eu-north-1b",
              "eu-north-1a",
              "eu-north-1c",
              "eu-north-1b",
              "eu-north-1a",
              "eu-north-1c",
              "eu-north-1a",
              "eu-north-1b",
              "eu-north-1c",
              "eu-north-1a"
            ],
            "result_count": 10,
            "seed": null
          },
          "sensitive_attributes": [],
          "dependencies": [
            "module.networking.data.aws_availability_zones.available"
          ]
        }
      ]
    }
  ]
}
